// !$*UTF8*$!
{
	archiveVersion = 1;
	classes = {
	};
	objectVersion = 46;
	objects = {

/* Begin PBXBuildFile section */
		1DDD58160DA1D0A300B32029 /* MainMenu.xib in Resources */ = {isa = PBXBuildFile; fileRef = 1DDD58140DA1D0A300B32029 /* MainMenu.xib */; };
		256AC3DA0F4B6AC300CF3369 /* ServerStatusAppDelegate.m in Sources */ = {isa = PBXBuildFile; fileRef = 256AC3D90F4B6AC300CF3369 /* ServerStatusAppDelegate.m */; };
		5503F19B16272889001B49EE /* ServerPreferencesView.xib in Resources */ = {isa = PBXBuildFile; fileRef = 5503F19A16272889001B49EE /* ServerPreferencesView.xib */; };
		5503F19D162728CF001B49EE /* GeneralPreferencesView.xib in Resources */ = {isa = PBXBuildFile; fileRef = 5503F19C162728CF001B49EE /* GeneralPreferencesView.xib */; };
		5514E7D311A5CA7C00AB722A /* StatusItemController.m in Sources */ = {isa = PBXBuildFile; fileRef = 5514E7D211A5CA7C00AB722A /* StatusItemController.m */; };
		5515BA80119DBBFC000B6A6D /* Server.m in Sources */ = {isa = PBXBuildFile; fileRef = 5515BA7F119DBBFC000B6A6D /* Server.m */; };
		551949A7119CB89C00A50789 /* serverFail.pdf in Resources */ = {isa = PBXBuildFile; fileRef = 551949A6119CB89C00A50789 /* serverFail.pdf */; };
		551949BD119CC81F00A50789 /* serverOk.pdf in Resources */ = {isa = PBXBuildFile; fileRef = 551949BA119CC81F00A50789 /* serverOk.pdf */; };
		55194A2C119D5C1C00A50789 /* serverWarning.pdf in Resources */ = {isa = PBXBuildFile; fileRef = 55194A2B119D5C1C00A50789 /* serverWarning.pdf */; };
		55194A5B119D646E00A50789 /* serverOkAlternate.pdf in Resources */ = {isa = PBXBuildFile; fileRef = 55194A5A119D646E00A50789 /* serverOkAlternate.pdf */; };
		55194A6E119D656500A50789 /* serverFailAlternate.pdf in Resources */ = {isa = PBXBuildFile; fileRef = 55194A6D119D656500A50789 /* serverFailAlternate.pdf */; };
		55194A7A119D65EA00A50789 /* serverWarningAlternate.pdf in Resources */ = {isa = PBXBuildFile; fileRef = 55194A79119D65EA00A50789 /* serverWarningAlternate.pdf */; };
		55194A88119D66C800A50789 /* serverInactive.pdf in Resources */ = {isa = PBXBuildFile; fileRef = 55194A87119D66C800A50789 /* serverInactive.pdf */; };
		551993F311AED8AF009DF24D /* ServerListController.m in Sources */ = {isa = PBXBuildFile; fileRef = 551993F211AED8AF009DF24D /* ServerListController.m */; };
		551A9D8D128DB2590009747D /* ServerStatus.icns in Resources */ = {isa = PBXBuildFile; fileRef = 551A9D8C128DB2590009747D /* ServerStatus.icns */; };
		551A9E05128DF2230009747D /* about.html in Resources */ = {isa = PBXBuildFile; fileRef = 551A9E04128DF2230009747D /* about.html */; };
		551E54BE12A51693009A0B31 /* NetworkMonitor.m in Sources */ = {isa = PBXBuildFile; fileRef = 551E54BD12A51693009A0B31 /* NetworkMonitor.m */; };
		5539EFBE16288DFB00590964 /* ServerPreferencesViewController.m in Sources */ = {isa = PBXBuildFile; fileRef = 5539EFBD16288DFB00590964 /* ServerPreferencesViewController.m */; };
		5539EFC716288E9B00590964 /* MASPreferencesWindow.xib in Resources */ = {isa = PBXBuildFile; fileRef = 5539EFC216288E9B00590964 /* MASPreferencesWindow.xib */; };
		5539EFC816288E9B00590964 /* MASPreferencesWindowController.m in Sources */ = {isa = PBXBuildFile; fileRef = 5539EFC416288E9B00590964 /* MASPreferencesWindowController.m */; };
		5539EFCC1628911E00590964 /* GeneralPreferencesViewController.m in Sources */ = {isa = PBXBuildFile; fileRef = 5539EFCB1628911E00590964 /* GeneralPreferencesViewController.m */; };
		5550B96912A68E49003E4F3D /* AutostartManager.m in Sources */ = {isa = PBXBuildFile; fileRef = 5550B96812A68E49003E4F3D /* AutostartManager.m */; };
		5550BA1312A6B1A4003E4F3D /* NSImage+IconRef.m in Sources */ = {isa = PBXBuildFile; fileRef = 5550BA1212A6B1A4003E4F3D /* NSImage+IconRef.m */; };
		5565262A11A68A0D003D2A34 /* ServerListTableController.m in Sources */ = {isa = PBXBuildFile; fileRef = 5565262911A68A0D003D2A34 /* ServerListTableController.m */; };
		5576A87E11C0410600AB1864 /* Growl.framework in Frameworks */ = {isa = PBXBuildFile; fileRef = 5576A87D11C0410600AB1864 /* Growl.framework */; };
		5576A88B11C0429100AB1864 /* GrowlController.m in Sources */ = {isa = PBXBuildFile; fileRef = 5576A88A11C0429100AB1864 /* GrowlController.m */; };
		5598B3E011B1ADF50095BED4 /* ServerMenuItemController.m in Sources */ = {isa = PBXBuildFile; fileRef = 5598B3DF11B1ADF50095BED4 /* ServerMenuItemController.m */; };
		55A92FB412795630007F8069 /* Sparkle.framework in Frameworks */ = {isa = PBXBuildFile; fileRef = 55A92FB312795630007F8069 /* Sparkle.framework */; };
		55A92FD6127956D3007F8069 /* Sparkle.framework in CopyFiles */ = {isa = PBXBuildFile; fileRef = 55A92FB312795630007F8069 /* Sparkle.framework */; };
		55A92FE012795BF2007F8069 /* dsa_pub.pem in Resources */ = {isa = PBXBuildFile; fileRef = 55A92FDF12795BF2007F8069 /* dsa_pub.pem */; };
		55B64AB2119C9F4900A123AC /* SimplePing.m in Sources */ = {isa = PBXBuildFile; fileRef = 55B64AB1119C9F4900A123AC /* SimplePing.m */; };
		55C39C8C11B1A44D004C69A5 /* ServerMenuItem.xib in Resources */ = {isa = PBXBuildFile; fileRef = 55C39C8B11B1A44D004C69A5 /* ServerMenuItem.xib */; };
		55DABF1811B4FEB1006C83C6 /* MenuItemView.m in Sources */ = {isa = PBXBuildFile; fileRef = 55DABF1711B4FEB1006C83C6 /* MenuItemView.m */; };
		55DABFCD11B5273C006C83C6 /* SystemConfiguration.framework in Frameworks */ = {isa = PBXBuildFile; fileRef = 55DABFCC11B5273C006C83C6 /* SystemConfiguration.framework */; };
		55DC5CF311A9E34C0043AE28 /* ServerTabViewController.m in Sources */ = {isa = PBXBuildFile; fileRef = 55DC5CF211A9E34C0043AE28 /* ServerTabViewController.m */; };
		55EE99D911C0DD1A000D9584 /* Growl.framework in CopyFiles */ = {isa = PBXBuildFile; fileRef = 5576A87D11C0410600AB1864 /* Growl.framework */; };
		8D11072B0486CEB800E47090 /* InfoPlist.strings in Resources */ = {isa = PBXBuildFile; fileRef = 089C165CFE840E0CC02AAC07 /* InfoPlist.strings */; };
		8D11072D0486CEB800E47090 /* main.m in Sources */ = {isa = PBXBuildFile; fileRef = 29B97316FDCFA39411CA2CEA /* main.m */; settings = {ATTRIBUTES = (); }; };
		8D11072F0486CEB800E47090 /* Cocoa.framework in Frameworks */ = {isa = PBXBuildFile; fileRef = 1058C7A1FEA54F0111CA2CBB /* Cocoa.framework */; };
/* End PBXBuildFile section */

/* Begin PBXCopyFilesBuildPhase section */
		55EE99C611C0DC5C000D9584 /* CopyFiles */ = {
			isa = PBXCopyFilesBuildPhase;
			buildActionMask = 2147483647;
			dstPath = "";
			dstSubfolderSpec = 10;
			files = (
				55A92FD6127956D3007F8069 /* Sparkle.framework in CopyFiles */,
				55EE99D911C0DD1A000D9584 /* Growl.framework in CopyFiles */,
			);
			runOnlyForDeploymentPostprocessing = 0;
		};
/* End PBXCopyFilesBuildPhase section */

/* Begin PBXFileReference section */
		089C165DFE840E0CC02AAC07 /* English */ = {isa = PBXFileReference; fileEncoding = 4; lastKnownFileType = text.plist.strings; name = English; path = English.lproj/InfoPlist.strings; sourceTree = "<group>"; };
		1058C7A1FEA54F0111CA2CBB /* Cocoa.framework */ = {isa = PBXFileReference; lastKnownFileType = wrapper.framework; name = Cocoa.framework; path = /System/Library/Frameworks/Cocoa.framework; sourceTree = "<absolute>"; };
		13E42FB307B3F0F600E4EEF1 /* CoreData.framework */ = {isa = PBXFileReference; lastKnownFileType = wrapper.framework; name = CoreData.framework; path = /System/Library/Frameworks/CoreData.framework; sourceTree = "<absolute>"; };
		1DDD58150DA1D0A300B32029 /* English */ = {isa = PBXFileReference; lastKnownFileType = file.xib; name = English; path = English.lproj/MainMenu.xib; sourceTree = "<group>"; };
		256AC3D80F4B6AC300CF3369 /* ServerStatusAppDelegate.h */ = {isa = PBXFileReference; fileEncoding = 4; lastKnownFileType = sourcecode.c.h; path = ServerStatusAppDelegate.h; sourceTree = "<group>"; };
		256AC3D90F4B6AC300CF3369 /* ServerStatusAppDelegate.m */ = {isa = PBXFileReference; fileEncoding = 4; lastKnownFileType = sourcecode.c.objc; path = ServerStatusAppDelegate.m; sourceTree = "<group>"; };
		256AC3F00F4B6AF500CF3369 /* ServerStatus_Prefix.pch */ = {isa = PBXFileReference; fileEncoding = 4; lastKnownFileType = sourcecode.c.h; path = ServerStatus_Prefix.pch; sourceTree = "<group>"; };
		29B97316FDCFA39411CA2CEA /* main.m */ = {isa = PBXFileReference; fileEncoding = 4; lastKnownFileType = sourcecode.c.objc; path = main.m; sourceTree = "<group>"; };
		29B97324FDCFA39411CA2CEA /* AppKit.framework */ = {isa = PBXFileReference; lastKnownFileType = wrapper.framework; name = AppKit.framework; path = /System/Library/Frameworks/AppKit.framework; sourceTree = "<absolute>"; };
		29B97325FDCFA39411CA2CEA /* Foundation.framework */ = {isa = PBXFileReference; lastKnownFileType = wrapper.framework; name = Foundation.framework; path = /System/Library/Frameworks/Foundation.framework; sourceTree = "<absolute>"; };
		5503F19A16272889001B49EE /* ServerPreferencesView.xib */ = {isa = PBXFileReference; fileEncoding = 4; lastKnownFileType = file.xib; path = ServerPreferencesView.xib; sourceTree = "<group>"; };
		5503F19C162728CF001B49EE /* GeneralPreferencesView.xib */ = {isa = PBXFileReference; fileEncoding = 4; lastKnownFileType = file.xib; path = GeneralPreferencesView.xib; sourceTree = "<group>"; };
		551376A812929796008C2091 /* CoreServices.framework */ = {isa = PBXFileReference; lastKnownFileType = wrapper.framework; name = CoreServices.framework; path = /System/Library/Frameworks/CoreServices.framework; sourceTree = "<absolute>"; };
		5514E7D111A5CA7C00AB722A /* StatusItemController.h */ = {isa = PBXFileReference; fileEncoding = 4; lastKnownFileType = sourcecode.c.h; path = StatusItemController.h; sourceTree = "<group>"; };
		5514E7D211A5CA7C00AB722A /* StatusItemController.m */ = {isa = PBXFileReference; fileEncoding = 4; lastKnownFileType = sourcecode.c.objc; path = StatusItemController.m; sourceTree = "<group>"; };
		5515BA7E119DBBFC000B6A6D /* Server.h */ = {isa = PBXFileReference; fileEncoding = 4; lastKnownFileType = sourcecode.c.h; path = Server.h; sourceTree = "<group>"; };
		5515BA7F119DBBFC000B6A6D /* Server.m */ = {isa = PBXFileReference; fileEncoding = 4; lastKnownFileType = sourcecode.c.objc; path = Server.m; sourceTree = "<group>"; usesTabs = 1; };
		551949A6119CB89C00A50789 /* serverFail.pdf */ = {isa = PBXFileReference; lastKnownFileType = image.pdf; path = serverFail.pdf; sourceTree = "<group>"; };
		551949BA119CC81F00A50789 /* serverOk.pdf */ = {isa = PBXFileReference; lastKnownFileType = image.pdf; path = serverOk.pdf; sourceTree = "<group>"; };
		55194A2B119D5C1C00A50789 /* serverWarning.pdf */ = {isa = PBXFileReference; lastKnownFileType = image.pdf; path = serverWarning.pdf; sourceTree = "<group>"; };
		55194A5A119D646E00A50789 /* serverOkAlternate.pdf */ = {isa = PBXFileReference; lastKnownFileType = image.pdf; path = serverOkAlternate.pdf; sourceTree = "<group>"; };
		55194A6D119D656500A50789 /* serverFailAlternate.pdf */ = {isa = PBXFileReference; lastKnownFileType = image.pdf; path = serverFailAlternate.pdf; sourceTree = "<group>"; };
		55194A79119D65EA00A50789 /* serverWarningAlternate.pdf */ = {isa = PBXFileReference; lastKnownFileType = image.pdf; path = serverWarningAlternate.pdf; sourceTree = "<group>"; };
		55194A87119D66C800A50789 /* serverInactive.pdf */ = {isa = PBXFileReference; lastKnownFileType = image.pdf; path = serverInactive.pdf; sourceTree = "<group>"; };
		551993F111AED8AF009DF24D /* ServerListController.h */ = {isa = PBXFileReference; fileEncoding = 4; lastKnownFileType = sourcecode.c.h; path = ServerListController.h; sourceTree = "<group>"; };
		551993F211AED8AF009DF24D /* ServerListController.m */ = {isa = PBXFileReference; fileEncoding = 4; lastKnownFileType = sourcecode.c.objc; path = ServerListController.m; sourceTree = "<group>"; };
		551A9D8C128DB2590009747D /* ServerStatus.icns */ = {isa = PBXFileReference; lastKnownFileType = image.icns; path = ServerStatus.icns; sourceTree = "<group>"; };
		551A9E04128DF2230009747D /* about.html */ = {isa = PBXFileReference; fileEncoding = 4; lastKnownFileType = text.html; path = about.html; sourceTree = "<group>"; };
		551A9E27128DF53B0009747D /* WebKit.framework */ = {isa = PBXFileReference; lastKnownFileType = wrapper.framework; name = WebKit.framework; path = /System/Library/Frameworks/WebKit.framework; sourceTree = "<absolute>"; };
		551E54B912A5156B009A0B31 /* SynthesizeSingleton.h */ = {isa = PBXFileReference; fileEncoding = 4; lastKnownFileType = sourcecode.c.h; path = SynthesizeSingleton.h; sourceTree = "<group>"; };
		551E54BC12A51693009A0B31 /* NetworkMonitor.h */ = {isa = PBXFileReference; fileEncoding = 4; lastKnownFileType = sourcecode.c.h; path = NetworkMonitor.h; sourceTree = "<group>"; };
		551E54BD12A51693009A0B31 /* NetworkMonitor.m */ = {isa = PBXFileReference; fileEncoding = 4; lastKnownFileType = sourcecode.c.objc; path = NetworkMonitor.m; sourceTree = "<group>"; };
		5539EFBC16288DFB00590964 /* ServerPreferencesViewController.h */ = {isa = PBXFileReference; fileEncoding = 4; lastKnownFileType = sourcecode.c.h; path = ServerPreferencesViewController.h; sourceTree = "<group>"; };
		5539EFBD16288DFB00590964 /* ServerPreferencesViewController.m */ = {isa = PBXFileReference; fileEncoding = 4; lastKnownFileType = sourcecode.c.objc; path = ServerPreferencesViewController.m; sourceTree = "<group>"; };
		5539EFC116288E9B00590964 /* MASPreferencesViewController.h */ = {isa = PBXFileReference; fileEncoding = 4; lastKnownFileType = sourcecode.c.h; path = MASPreferencesViewController.h; sourceTree = "<group>"; };
		5539EFC216288E9B00590964 /* MASPreferencesWindow.xib */ = {isa = PBXFileReference; fileEncoding = 4; lastKnownFileType = file.xib; path = MASPreferencesWindow.xib; sourceTree = "<group>"; };
		5539EFC316288E9B00590964 /* MASPreferencesWindowController.h */ = {isa = PBXFileReference; fileEncoding = 4; lastKnownFileType = sourcecode.c.h; path = MASPreferencesWindowController.h; sourceTree = "<group>"; };
		5539EFC416288E9B00590964 /* MASPreferencesWindowController.m */ = {isa = PBXFileReference; fileEncoding = 4; lastKnownFileType = sourcecode.c.objc; path = MASPreferencesWindowController.m; sourceTree = "<group>"; };
		5539EFCA1628911E00590964 /* GeneralPreferencesViewController.h */ = {isa = PBXFileReference; fileEncoding = 4; lastKnownFileType = sourcecode.c.h; path = GeneralPreferencesViewController.h; sourceTree = "<group>"; };
		5539EFCB1628911E00590964 /* GeneralPreferencesViewController.m */ = {isa = PBXFileReference; fileEncoding = 4; lastKnownFileType = sourcecode.c.objc; path = GeneralPreferencesViewController.m; sourceTree = "<group>"; };
		5543FD7A12FB16C9005F9201 /* Move_dSYM_To_Storage.sh */ = {isa = PBXFileReference; fileEncoding = 4; lastKnownFileType = text.script.sh; path = Move_dSYM_To_Storage.sh; sourceTree = "<group>"; };
		5550B96712A68E49003E4F3D /* AutostartManager.h */ = {isa = PBXFileReference; fileEncoding = 4; lastKnownFileType = sourcecode.c.h; path = AutostartManager.h; sourceTree = "<group>"; };
		5550B96812A68E49003E4F3D /* AutostartManager.m */ = {isa = PBXFileReference; fileEncoding = 4; lastKnownFileType = sourcecode.c.objc; path = AutostartManager.m; sourceTree = "<group>"; };
		5550BA1112A6B197003E4F3D /* NSImage+IconRef.h */ = {isa = PBXFileReference; fileEncoding = 4; lastKnownFileType = sourcecode.c.h; path = "NSImage+IconRef.h"; sourceTree = "<group>"; };
		5550BA1212A6B1A4003E4F3D /* NSImage+IconRef.m */ = {isa = PBXFileReference; fileEncoding = 4; lastKnownFileType = sourcecode.c.objc; path = "NSImage+IconRef.m"; sourceTree = "<group>"; };
		5565262811A68A0D003D2A34 /* ServerListTableController.h */ = {isa = PBXFileReference; fileEncoding = 4; lastKnownFileType = sourcecode.c.h; path = ServerListTableController.h; sourceTree = "<group>"; };
		5565262911A68A0D003D2A34 /* ServerListTableController.m */ = {isa = PBXFileReference; fileEncoding = 4; lastKnownFileType = sourcecode.c.objc; path = ServerListTableController.m; sourceTree = "<group>"; };
		556901A8128C880A0025F97F /* version.xcconfig */ = {isa = PBXFileReference; fileEncoding = 4; lastKnownFileType = text.xcconfig; path = version.xcconfig; sourceTree = "<group>"; };
		5576A87D11C0410600AB1864 /* Growl.framework */ = {isa = PBXFileReference; lastKnownFileType = wrapper.framework; path = Growl.framework; sourceTree = "<group>"; };
		5576A88911C0429100AB1864 /* GrowlController.h */ = {isa = PBXFileReference; fileEncoding = 4; lastKnownFileType = sourcecode.c.h; path = GrowlController.h; sourceTree = "<group>"; };
		5576A88A11C0429100AB1864 /* GrowlController.m */ = {isa = PBXFileReference; fileEncoding = 4; lastKnownFileType = sourcecode.c.objc; path = GrowlController.m; sourceTree = "<group>"; };
		5598B3DE11B1ADF50095BED4 /* ServerMenuItemController.h */ = {isa = PBXFileReference; fileEncoding = 4; lastKnownFileType = sourcecode.c.h; path = ServerMenuItemController.h; sourceTree = "<group>"; };
		5598B3DF11B1ADF50095BED4 /* ServerMenuItemController.m */ = {isa = PBXFileReference; fileEncoding = 4; lastKnownFileType = sourcecode.c.objc; path = ServerMenuItemController.m; sourceTree = "<group>"; };
		55A139B111A566A5003E22CC /* globals.h */ = {isa = PBXFileReference; fileEncoding = 4; lastKnownFileType = sourcecode.c.h; path = globals.h; sourceTree = "<group>"; };
		55A92FB312795630007F8069 /* Sparkle.framework */ = {isa = PBXFileReference; lastKnownFileType = wrapper.framework; path = Sparkle.framework; sourceTree = "<group>"; };
		55A92FDF12795BF2007F8069 /* dsa_pub.pem */ = {isa = PBXFileReference; fileEncoding = 4; lastKnownFileType = text; path = dsa_pub.pem; sourceTree = "<group>"; };
		55B64AB0119C9F4900A123AC /* SimplePing.h */ = {isa = PBXFileReference; fileEncoding = 4; lastKnownFileType = sourcecode.c.h; path = SimplePing.h; sourceTree = "<group>"; };
		55B64AB1119C9F4900A123AC /* SimplePing.m */ = {isa = PBXFileReference; fileEncoding = 4; lastKnownFileType = sourcecode.c.objc; path = SimplePing.m; sourceTree = "<group>"; };
		55C39C8B11B1A44D004C69A5 /* ServerMenuItem.xib */ = {isa = PBXFileReference; lastKnownFileType = file.xib; path = ServerMenuItem.xib; sourceTree = "<group>"; };
		55DABF1611B4FEB1006C83C6 /* MenuItemView.h */ = {isa = PBXFileReference; fileEncoding = 4; lastKnownFileType = sourcecode.c.h; path = MenuItemView.h; sourceTree = "<group>"; };
		55DABF1711B4FEB1006C83C6 /* MenuItemView.m */ = {isa = PBXFileReference; fileEncoding = 4; lastKnownFileType = sourcecode.c.objc; path = MenuItemView.m; sourceTree = "<group>"; };
		55DABFCC11B5273C006C83C6 /* SystemConfiguration.framework */ = {isa = PBXFileReference; lastKnownFileType = wrapper.framework; name = SystemConfiguration.framework; path = System/Library/Frameworks/SystemConfiguration.framework; sourceTree = SDKROOT; };
		55DC5CF111A9E34C0043AE28 /* ServerTabViewController.h */ = {isa = PBXFileReference; fileEncoding = 4; lastKnownFileType = sourcecode.c.h; path = ServerTabViewController.h; sourceTree = "<group>"; };
		55DC5CF211A9E34C0043AE28 /* ServerTabViewController.m */ = {isa = PBXFileReference; fileEncoding = 4; lastKnownFileType = sourcecode.c.objc; path = ServerTabViewController.m; sourceTree = "<group>"; };
		8D1107310486CEB800E47090 /* ServerStatus-Info.plist */ = {isa = PBXFileReference; fileEncoding = 4; lastKnownFileType = text.plist.xml; path = "ServerStatus-Info.plist"; sourceTree = "<group>"; };
		8D1107320486CEB800E47090 /* ServerStatus.app */ = {isa = PBXFileReference; explicitFileType = wrapper.application; includeInIndex = 0; path = ServerStatus.app; sourceTree = BUILT_PRODUCTS_DIR; };
/* End PBXFileReference section */

/* Begin PBXFrameworksBuildPhase section */
		8D11072E0486CEB800E47090 /* Frameworks */ = {
			isa = PBXFrameworksBuildPhase;
			buildActionMask = 2147483647;
			files = (
				8D11072F0486CEB800E47090 /* Cocoa.framework in Frameworks */,
				55DABFCD11B5273C006C83C6 /* SystemConfiguration.framework in Frameworks */,
				5576A87E11C0410600AB1864 /* Growl.framework in Frameworks */,
				55A92FB412795630007F8069 /* Sparkle.framework in Frameworks */,
			);
			runOnlyForDeploymentPostprocessing = 0;
		};
/* End PBXFrameworksBuildPhase section */

/* Begin PBXGroup section */
		080E96DDFE201D6D7F000001 /* Classes */ = {
			isa = PBXGroup;
			children = (
				551994C111AEFA98009DF24D /* Server */,
				551994C211AEFAA6009DF24D /* Preferences */,
				55C39C5911B19469004C69A5 /* Status Bar */,
				551E54BC12A51693009A0B31 /* NetworkMonitor.h */,
				551E54BD12A51693009A0B31 /* NetworkMonitor.m */,
				256AC3D80F4B6AC300CF3369 /* ServerStatusAppDelegate.h */,
				256AC3D90F4B6AC300CF3369 /* ServerStatusAppDelegate.m */,
				551993F111AED8AF009DF24D /* ServerListController.h */,
				551993F211AED8AF009DF24D /* ServerListController.m */,
				5550B96712A68E49003E4F3D /* AutostartManager.h */,
				5550B96812A68E49003E4F3D /* AutostartManager.m */,
			);
			name = Classes;
			sourceTree = "<group>";
		};
		1058C7A0FEA54F0111CA2CBB /* Linked Frameworks */ = {
			isa = PBXGroup;
			children = (
				55A92FB312795630007F8069 /* Sparkle.framework */,
				5576A87D11C0410600AB1864 /* Growl.framework */,
				1058C7A1FEA54F0111CA2CBB /* Cocoa.framework */,
			);
			name = "Linked Frameworks";
			sourceTree = "<group>";
		};
		1058C7A2FEA54F0111CA2CBB /* Other Frameworks */ = {
			isa = PBXGroup;
			children = (
				551376A812929796008C2091 /* CoreServices.framework */,
				29B97324FDCFA39411CA2CEA /* AppKit.framework */,
				13E42FB307B3F0F600E4EEF1 /* CoreData.framework */,
				29B97325FDCFA39411CA2CEA /* Foundation.framework */,
				55DABFCC11B5273C006C83C6 /* SystemConfiguration.framework */,
				551A9E27128DF53B0009747D /* WebKit.framework */,
			);
			name = "Other Frameworks";
			sourceTree = "<group>";
		};
		19C28FACFE9D520D11CA2CBB /* Products */ = {
			isa = PBXGroup;
			children = (
				8D1107320486CEB800E47090 /* ServerStatus.app */,
			);
			name = Products;
			sourceTree = "<group>";
		};
		29B97314FDCFA39411CA2CEA /* ServerStatus */ = {
			isa = PBXGroup;
			children = (
				556901E3128C912E0025F97F /* Config */,
				080E96DDFE201D6D7F000001 /* Classes */,
				29B97315FDCFA39411CA2CEA /* Other Sources */,
				29B97317FDCFA39411CA2CEA /* Resources */,
				29B97323FDCFA39411CA2CEA /* Frameworks */,
				19C28FACFE9D520D11CA2CBB /* Products */,
			);
			name = ServerStatus;
			sourceTree = "<group>";
			usesTabs = 0;
		};
		29B97315FDCFA39411CA2CEA /* Other Sources */ = {
			isa = PBXGroup;
			children = (
				5550BA1112A6B197003E4F3D /* NSImage+IconRef.h */,
				5550BA1212A6B1A4003E4F3D /* NSImage+IconRef.m */,
				551E54B912A5156B009A0B31 /* SynthesizeSingleton.h */,
				256AC3F00F4B6AF500CF3369 /* ServerStatus_Prefix.pch */,
				55A139B111A566A5003E22CC /* globals.h */,
				29B97316FDCFA39411CA2CEA /* main.m */,
			);
			name = "Other Sources";
			sourceTree = "<group>";
		};
		29B97317FDCFA39411CA2CEA /* Resources */ = {
			isa = PBXGroup;
			children = (
				551A9D8C128DB2590009747D /* ServerStatus.icns */,
				55C39C8B11B1A44D004C69A5 /* ServerMenuItem.xib */,
				551949BA119CC81F00A50789 /* serverOk.pdf */,
				55A92FDF12795BF2007F8069 /* dsa_pub.pem */,
				55194A5A119D646E00A50789 /* serverOkAlternate.pdf */,
				55194A2B119D5C1C00A50789 /* serverWarning.pdf */,
				55194A79119D65EA00A50789 /* serverWarningAlternate.pdf */,
				551949A6119CB89C00A50789 /* serverFail.pdf */,
				55194A6D119D656500A50789 /* serverFailAlternate.pdf */,
				55194A87119D66C800A50789 /* serverInactive.pdf */,
				8D1107310486CEB800E47090 /* ServerStatus-Info.plist */,
				089C165CFE840E0CC02AAC07 /* InfoPlist.strings */,
				1DDD58140DA1D0A300B32029 /* MainMenu.xib */,
				551A9E04128DF2230009747D /* about.html */,
			);
			name = Resources;
			sourceTree = "<group>";
		};
		29B97323FDCFA39411CA2CEA /* Frameworks */ = {
			isa = PBXGroup;
			children = (
				1058C7A0FEA54F0111CA2CBB /* Linked Frameworks */,
				1058C7A2FEA54F0111CA2CBB /* Other Frameworks */,
			);
			name = Frameworks;
			sourceTree = "<group>";
		};
		551994C111AEFA98009DF24D /* Server */ = {
			isa = PBXGroup;
			children = (
				55B64AB0119C9F4900A123AC /* SimplePing.h */,
				55B64AB1119C9F4900A123AC /* SimplePing.m */,
				5515BA7E119DBBFC000B6A6D /* Server.h */,
				5515BA7F119DBBFC000B6A6D /* Server.m */,
			);
			name = Server;
			sourceTree = "<group>";
		};
		551994C211AEFAA6009DF24D /* Preferences */ = {
			isa = PBXGroup;
			children = (
				5539EFBF16288E9B00590964 /* MASPreferences */,
				5565262811A68A0D003D2A34 /* ServerListTableController.h */,
				5565262911A68A0D003D2A34 /* ServerListTableController.m */,
				55DC5CF111A9E34C0043AE28 /* ServerTabViewController.h */,
				55DC5CF211A9E34C0043AE28 /* ServerTabViewController.m */,
				5503F19A16272889001B49EE /* ServerPreferencesView.xib */,
				5539EFBC16288DFB00590964 /* ServerPreferencesViewController.h */,
				5539EFBD16288DFB00590964 /* ServerPreferencesViewController.m */,
				5503F19C162728CF001B49EE /* GeneralPreferencesView.xib */,
				5539EFCA1628911E00590964 /* GeneralPreferencesViewController.h */,
				5539EFCB1628911E00590964 /* GeneralPreferencesViewController.m */,
			);
			name = Preferences;
			sourceTree = "<group>";
		};
		5539EFBF16288E9B00590964 /* MASPreferences */ = {
			isa = PBXGroup;
			children = (
				5539EFC116288E9B00590964 /* MASPreferencesViewController.h */,
				5539EFC216288E9B00590964 /* MASPreferencesWindow.xib */,
				5539EFC316288E9B00590964 /* MASPreferencesWindowController.h */,
				5539EFC416288E9B00590964 /* MASPreferencesWindowController.m */,
			);
			path = MASPreferences;
			sourceTree = "<group>";
		};
		556901E3128C912E0025F97F /* Config */ = {
			isa = PBXGroup;
			children = (
				5543FD7A12FB16C9005F9201 /* Move_dSYM_To_Storage.sh */,
				556901A8128C880A0025F97F /* version.xcconfig */,
			);
			name = Config;
			sourceTree = "<group>";
		};
		55C39C5911B19469004C69A5 /* Status Bar */ = {
			isa = PBXGroup;
			children = (
				5576A88911C0429100AB1864 /* GrowlController.h */,
				5576A88A11C0429100AB1864 /* GrowlController.m */,
				5598B3DE11B1ADF50095BED4 /* ServerMenuItemController.h */,
				5598B3DF11B1ADF50095BED4 /* ServerMenuItemController.m */,
				5514E7D111A5CA7C00AB722A /* StatusItemController.h */,
				5514E7D211A5CA7C00AB722A /* StatusItemController.m */,
				55DABF1611B4FEB1006C83C6 /* MenuItemView.h */,
				55DABF1711B4FEB1006C83C6 /* MenuItemView.m */,
			);
			name = "Status Bar";
			sourceTree = "<group>";
		};
/* End PBXGroup section */

/* Begin PBXNativeTarget section */
		8D1107260486CEB800E47090 /* ServerStatus */ = {
			isa = PBXNativeTarget;
			buildConfigurationList = C01FCF4A08A954540054247B /* Build configuration list for PBXNativeTarget "ServerStatus" */;
			buildPhases = (
				8D1107290486CEB800E47090 /* Resources */,
				8D11072C0486CEB800E47090 /* Sources */,
				8D11072E0486CEB800E47090 /* Frameworks */,
				55EE99C611C0DC5C000D9584 /* CopyFiles */,
				55A883381362139E00B7A4F3 /* ShellScript */,
			);
			buildRules = (
			);
			dependencies = (
			);
			name = ServerStatus;
			productInstallPath = "$(HOME)/Applications";
			productName = ServerStatus;
			productReference = 8D1107320486CEB800E47090 /* ServerStatus.app */;
			productType = "com.apple.product-type.application";
		};
/* End PBXNativeTarget section */

/* Begin PBXProject section */
		29B97313FDCFA39411CA2CEA /* Project object */ = {
			isa = PBXProject;
			attributes = {
				LastUpgradeCheck = 0450;
				ORGANIZATIONNAME = skweez.net;
			};
			buildConfigurationList = C01FCF4E08A954540054247B /* Build configuration list for PBXProject "ServerStatus" */;
			compatibilityVersion = "Xcode 3.2";
			developmentRegion = English;
			hasScannedForEncodings = 1;
			knownRegions = (
				English,
				Japanese,
				French,
				German,
			);
			mainGroup = 29B97314FDCFA39411CA2CEA /* ServerStatus */;
			projectDirPath = "";
			projectRoot = "";
			targets = (
				8D1107260486CEB800E47090 /* ServerStatus */,
			);
		};
/* End PBXProject section */

/* Begin PBXResourcesBuildPhase section */
		8D1107290486CEB800E47090 /* Resources */ = {
			isa = PBXResourcesBuildPhase;
			buildActionMask = 2147483647;
			files = (
				8D11072B0486CEB800E47090 /* InfoPlist.strings in Resources */,
				1DDD58160DA1D0A300B32029 /* MainMenu.xib in Resources */,
				551949A7119CB89C00A50789 /* serverFail.pdf in Resources */,
				551949BD119CC81F00A50789 /* serverOk.pdf in Resources */,
				55194A2C119D5C1C00A50789 /* serverWarning.pdf in Resources */,
				55194A5B119D646E00A50789 /* serverOkAlternate.pdf in Resources */,
				55194A6E119D656500A50789 /* serverFailAlternate.pdf in Resources */,
				55194A7A119D65EA00A50789 /* serverWarningAlternate.pdf in Resources */,
				55194A88119D66C800A50789 /* serverInactive.pdf in Resources */,
				55C39C8C11B1A44D004C69A5 /* ServerMenuItem.xib in Resources */,
				55A92FE012795BF2007F8069 /* dsa_pub.pem in Resources */,
				551A9D8D128DB2590009747D /* ServerStatus.icns in Resources */,
				551A9E05128DF2230009747D /* about.html in Resources */,
				5503F19B16272889001B49EE /* ServerPreferencesView.xib in Resources */,
				5503F19D162728CF001B49EE /* GeneralPreferencesView.xib in Resources */,
				5539EFC716288E9B00590964 /* MASPreferencesWindow.xib in Resources */,
			);
			runOnlyForDeploymentPostprocessing = 0;
		};
/* End PBXResourcesBuildPhase section */

/* Begin PBXShellScriptBuildPhase section */
		55A883381362139E00B7A4F3 /* ShellScript */ = {
			isa = PBXShellScriptBuildPhase;
			buildActionMask = 8;
			files = (
			);
			inputPaths = (
			);
			outputPaths = (
			);
			runOnlyForDeploymentPostprocessing = 1;
			shellPath = /bin/bash;
			shellScript = "# Exit if any command returns false\nset -o errexit\n# Exit if any variable is used unset\nset -o nounset\n\n# Only run when we are in release mode\n[ \"$CONFIGURATION\" = Release ] || { echo Distribution target requires \"'Release'\" build style; exit 0; }\n\nGIT=/usr/bin/git\nCUT=/usr/bin/cut\n\nGIT_STATUS=$($GIT diff --shortstat 2> /dev/null | tail -n1)\n\n# Only run if the repository is clean.\n[ \"$GIT_STATUS\" != \"\" ] || { echo Repository is not clean. Please commit all your changes before deploying; false; }\n\n# Set some product specific variables\nVERSION=\"$CURRENT_PROJECT_VERSION\"\nSHORT_VERSION=\"$CURRENT_MARKETING_VERSION\"\nDOWNLOAD_BASE_URL=\"http://update.skweez.net/ServerStatus\"\nRELEASENOTES_URL=\"http://update.skweez.net/ServerStatus/release-notes.php?version=$SHORT_VERSION\"\nDEPLOYMENT_DESTINATION=\"v:/var/www/update.skweez.net/htdocs/ServerStatus/\"\n\nARCHIVE_FILENAME=\"$PROJECT_NAME $SHORT_VERSION.zip\"\n\n# Set the name of the note in your key chain that contains your private sparkle key\nKEYCHAIN_PRIVKEY_NAME=\"Sparkle Private Key 1\"\n\n# Set the build revision to the current git commit hash\nBUILD_REVISION=$($GIT log -1 --pretty=oneline --abbrev-commit | $CUT -c1-7)\necho \"Build Revision is $BUILD_REVISION\"\n/usr/libexec/PlistBuddy -c \"Set :BuildRevision $BUILD_REVISION\" ${TARGET_BUILD_DIR}/${INFOPLIST_PATH}\n\n# Archive the product\nWD=$PWD\ncd \"$BUILT_PRODUCTS_DIR\"\nrm -f \"$PROJECT_NAME\"*.zip\nditto -ck --keepParent \"$PROJECT_NAME.app\" \"$ARCHIVE_FILENAME\"\necho Product archived\n\n# Sign the archive\nSIZE=$(stat -f %z \"$ARCHIVE_FILENAME\")\nPUBDATE=$(LC_TIME=en_US date +\"%a, %d %b %G %T %z\")\nSIGNATURE=$(openssl dgst -sha1 -binary < \"$ARCHIVE_FILENAME\" | openssl dgst -dss1 -sign <(security find-generic-password -g -s \"$KEYCHAIN_PRIVKEY_NAME\" 2>&1 1>/dev/null | perl -pe '($_) = /\"(.+)\"/; s/\\\\012/\\n/g' | perl -MXML::LibXML -e 'print XML::LibXML->new()->parse_file(\"-\")->findvalue(q(//string[preceding-sibling::key[1] = \"NOTE\"]))') | openssl enc -base64)\n[ $SIGNATURE ] || { echo Unable to load signing private key with name \"'$KEYCHAIN_PRIVKEY_NAME'\" from keychain; false; }\necho Archive signed\n\n# Save the debug symbols\nDWARF_DSYM_FILE=${DWARF_DSYM_FOLDER_PATH}/${DWARF_DSYM_FILE_NAME}\nDSYM_DEST_PATH=${PROJECT_DIR}/dSYM/${EXECUTABLE_NAME}.$PUBDATE.$BUILD_REVISION.dSYMs\nmv \"$DWARF_DSYM_FILE\" \"$DSYM_DEST_PATH\"\ncd $PROJECT_DIR\n$GIT add \"$DSYM_DEST_PATH\"\n$GIT commit -m \"Added dSYM file for build $BUILD_REVISION\" \"$DSYM_DEST_PATH\"\necho Saved debug symbols in git\n\n# Create git tag\n$GIT tag --force $SHORT_VERSION\necho Created git tag $SHORT_VERSION\n\n# return some useful snippets. One for the sparkle appcast and one to copy the file.\nDOWNLOAD_URL=\"$DOWNLOAD_BASE_URL/$ARCHIVE_FILENAME\"\n\ncat <<EOF\n        <item>\n            <title>Version $SHORT_VERSION</title>\n            <sparkle:releaseNotesLink>$RELEASENOTES_URL</sparkle:releaseNotesLink>\n            <pubDate>$PUBDATE</pubDate>\n            <enclosure\n                url=\"$DOWNLOAD_URL\"\n                sparkle:version=\"$VERSION\"\n                sparkle:shortVersionString=\"$SHORT_VERSION\"\n                type=\"application/octet-stream\"\n                length=\"$SIZE\"\n                sparkle:dsaSignature=\"$SIGNATURE\"\n            />\n        </item>\nEOF\n\necho scp \"'$BUILT_PRODUCTS_DIR/$ARCHIVE_FILENAME'\" \"'$DEPLOYMENT_DESTINATION'\"\n";
		};
/* End PBXShellScriptBuildPhase section */

/* Begin PBXSourcesBuildPhase section */
		8D11072C0486CEB800E47090 /* Sources */ = {
			isa = PBXSourcesBuildPhase;
			buildActionMask = 2147483647;
			files = (
				8D11072D0486CEB800E47090 /* main.m in Sources */,
				256AC3DA0F4B6AC300CF3369 /* ServerStatusAppDelegate.m in Sources */,
				55B64AB2119C9F4900A123AC /* SimplePing.m in Sources */,
				5515BA80119DBBFC000B6A6D /* Server.m in Sources */,
				5514E7D311A5CA7C00AB722A /* StatusItemController.m in Sources */,
				5565262A11A68A0D003D2A34 /* ServerListTableController.m in Sources */,
				55DC5CF311A9E34C0043AE28 /* ServerTabViewController.m in Sources */,
				551993F311AED8AF009DF24D /* ServerListController.m in Sources */,
				5598B3E011B1ADF50095BED4 /* ServerMenuItemController.m in Sources */,
				55DABF1811B4FEB1006C83C6 /* MenuItemView.m in Sources */,
				5576A88B11C0429100AB1864 /* GrowlController.m in Sources */,
				551E54BE12A51693009A0B31 /* NetworkMonitor.m in Sources */,
				5550B96912A68E49003E4F3D /* AutostartManager.m in Sources */,
				5550BA1312A6B1A4003E4F3D /* NSImage+IconRef.m in Sources */,
				5539EFBE16288DFB00590964 /* ServerPreferencesViewController.m in Sources */,
				5539EFC816288E9B00590964 /* MASPreferencesWindowController.m in Sources */,
				5539EFCC1628911E00590964 /* GeneralPreferencesViewController.m in Sources */,
			);
			runOnlyForDeploymentPostprocessing = 0;
		};
/* End PBXSourcesBuildPhase section */

/* Begin PBXVariantGroup section */
		089C165CFE840E0CC02AAC07 /* InfoPlist.strings */ = {
			isa = PBXVariantGroup;
			children = (
				089C165DFE840E0CC02AAC07 /* English */,
			);
			name = InfoPlist.strings;
			sourceTree = "<group>";
		};
		1DDD58140DA1D0A300B32029 /* MainMenu.xib */ = {
			isa = PBXVariantGroup;
			children = (
				1DDD58150DA1D0A300B32029 /* English */,
			);
			name = MainMenu.xib;
			sourceTree = "<group>";
		};
/* End PBXVariantGroup section */

/* Begin XCBuildConfiguration section */
		C01FCF4B08A954540054247B /* Debug */ = {
			isa = XCBuildConfiguration;
			buildSettings = {
				ALWAYS_SEARCH_USER_PATHS = NO;
				COMBINE_HIDPI_IMAGES = YES;
				COPY_PHASE_STRIP = NO;
				FRAMEWORK_SEARCH_PATHS = (
					"$(inherited)",
					"\"$(SRCROOT)\"",
				);
				GCC_DYNAMIC_NO_PIC = NO;
				GCC_MODEL_TUNING = G5;
				GCC_OPTIMIZATION_LEVEL = 0;
				GCC_PRECOMPILE_PREFIX_HEADER = YES;
				GCC_PREFIX_HEADER = ServerStatus_Prefix.pch;
				INFOPLIST_FILE = "ServerStatus-Info.plist";
				INSTALL_PATH = "$(HOME)/Applications";
				PRODUCT_NAME = ServerStatus;
			};
			name = Debug;
		};
		C01FCF4C08A954540054247B /* Release */ = {
			isa = XCBuildConfiguration;
			buildSettings = {
				ALWAYS_SEARCH_USER_PATHS = NO;
				COMBINE_HIDPI_IMAGES = YES;
				DEBUG_INFORMATION_FORMAT = "dwarf-with-dsym";
				FRAMEWORK_SEARCH_PATHS = (
					"$(inherited)",
					"\"$(SRCROOT)\"",
				);
				GCC_MODEL_TUNING = G5;
				GCC_PRECOMPILE_PREFIX_HEADER = YES;
				GCC_PREFIX_HEADER = ServerStatus_Prefix.pch;
				INFOPLIST_FILE = "ServerStatus-Info.plist";
				INSTALL_PATH = "$(HOME)/Applications";
				PRODUCT_NAME = ServerStatus;
			};
			name = Release;
		};
		C01FCF4F08A954540054247B /* Debug */ = {
			isa = XCBuildConfiguration;
			baseConfigurationReference = 556901A8128C880A0025F97F /* version.xcconfig */;
			buildSettings = {
				ARCHS = "$(ARCHS_STANDARD_32_64_BIT)";
				CURRENT_PROJECT_VERSION = "$(CURRENT_PROJECT_VERSION)";
				GCC_OPTIMIZATION_LEVEL = 0;
				GCC_VERSION = com.apple.compilers.llvm.clang.1_0;
				MACOSX_DEPLOYMENT_TARGET = 10.5;
				ONLY_ACTIVE_ARCH = YES;
				OTHER_CFLAGS = "-DDEBUG";
				RUN_CLANG_STATIC_ANALYZER = YES;
			};
			name = Debug;
		};
		C01FCF5008A954540054247B /* Release */ = {
			isa = XCBuildConfiguration;
			baseConfigurationReference = 556901A8128C880A0025F97F /* version.xcconfig */;
			buildSettings = {
				ARCHS = "$(ARCHS_STANDARD_32_64_BIT)";
				CURRENT_PROJECT_VERSION = "$(CURRENT_PROJECT_VERSION)";
				DEPLOYMENT_POSTPROCESSING = YES;
				GCC_OPTIMIZATION_LEVEL = s;
				GCC_VERSION = com.apple.compilers.llvm.clang.1_0;
				MACOSX_DEPLOYMENT_TARGET = 10.5;
			};
			name = Release;
		};
/* End XCBuildConfiguration section */

/* Begin XCConfigurationList section */
		C01FCF4A08A954540054247B /* Build configuration list for PBXNativeTarget "ServerStatus" */ = {
			isa = XCConfigurationList;
			buildConfigurations = (
				C01FCF4B08A954540054247B /* Debug */,
				C01FCF4C08A954540054247B /* Release */,
			);
			defaultConfigurationIsVisible = 0;
			defaultConfigurationName = Release;
		};
		C01FCF4E08A954540054247B /* Build configuration list for PBXProject "ServerStatus" */ = {
			isa = XCConfigurationList;
			buildConfigurations = (
				C01FCF4F08A954540054247B /* Debug */,
				C01FCF5008A954540054247B /* Release */,
			);
			defaultConfigurationIsVisible = 0;
			defaultConfigurationName = Release;
		};
/* End XCConfigurationList section */
	};
	rootObject = 29B97313FDCFA39411CA2CEA /* Project object */;
}
